PODS:
  - C4 (1.1.0)
  - CocoaAsyncSocket (7.4.3):
    - CocoaAsyncSocket/All (= 7.4.3)
  - CocoaAsyncSocket/All (7.4.3):
    - CocoaAsyncSocket/GCD
    - CocoaAsyncSocket/RunLoop
  - CocoaAsyncSocket/GCD (7.4.3)
  - CocoaAsyncSocket/RunLoop (7.4.3)
  - CocoaLumberjack/Core (2.2.0)
  - CocoaLumberjack/Default (2.2.0):
    - CocoaLumberjack/Core
  - CocoaLumberjack/Extensions (2.2.0):
    - CocoaLumberjack/Default
  - CocoaLumberjack/Swift (2.2.0):
    - CocoaLumberjack/Extensions

DEPENDENCIES:
  - C4 (~> 1.1)
  - CocoaAsyncSocket (~> 7.4)
  - CocoaLumberjack/Swift (~> 2.2)

SPEC CHECKSUMS:
  C4: 376f0283d94033b954972d963bf1acdf13eb2a7d
  CocoaAsyncSocket: a18c75dca4b08723628a0bacca6e94803d90be91
  CocoaLumberjack: 17fe8581f84914d5d7e6360f7c70022b173c3ae0

PODFILE CHECKSUM: 455ecfd6e7666c935466656b14109376d67163db

COCOAPODS: 1.0.0.beta.6
