PODS:
  - C4 (2.1.0)
  - CocoaAsyncSocket (7.5.1):
    - CocoaAsyncSocket/GCD (= 7.5.1)
  - CocoaAsyncSocket/GCD (7.5.1)
  - CocoaLumberjack/Core (3.0.0)
  - CocoaLumberjack/Default (3.0.0):
    - CocoaLumberjack/Core
  - CocoaLumberjack/Extensions (3.0.0):
    - CocoaLumberjack/Default
  - CocoaLumberjack/Swift (3.0.0):
    - CocoaLumberjack/Extensions

DEPENDENCIES:
  - C4 (~> 2.0)
  - CocoaAsyncSocket (~> 7.5.1)
  - CocoaLumberjack/Swift (~> 3.0)

SPEC CHECKSUMS:
  C4: c1a7995a3962e394c4518472d9873b7bdad73db3
  CocoaAsyncSocket: e0a7e93b2ffa411592ff87e58524fbbc9b95b4fa
  CocoaLumberjack: c823149bccc5519a9447aeb433be7b1212a7d6a5

PODFILE CHECKSUM: 073fbf2ff58e4186af756056f2b20b1d33094b10

COCOAPODS: 1.1.1
