// !$*UTF8*$!
{
	archiveVersion = 1;
	classes = {
	};
	objectVersion = 46;
	objects = {

/* Begin PBXBuildFile section */
		1F545D761C97E64C00436812 /* AppDelegate.swift in Sources */ = {isa = PBXBuildFile; fileRef = 1F545D751C97E64C00436812 /* AppDelegate.swift */; };
		1F545E0B1C97E64D00436812 /* WorkSpace.swift in Sources */ = {isa = PBXBuildFile; fileRef = 1F545E0A1C97E64D00436812 /* WorkSpace.swift */; };
		1F545E0E1C97E64D00436812 /* Main.storyboard in Resources */ = {isa = PBXBuildFile; fileRef = 1F545E0C1C97E64D00436812 /* Main.storyboard */; };
		1F545E131C97E64D00436812 /* LaunchScreen.xib in Resources */ = {isa = PBXBuildFile; fileRef = 1F545E111C97E64D00436812 /* LaunchScreen.xib */; };
		1F545E1E1C97E64D00436812 /* PeripheralTests.swift in Sources */ = {isa = PBXBuildFile; fileRef = 1F545E1D1C97E64D00436812 /* PeripheralTests.swift */; };
		1F64C6CB1CB4DF9B006886BF /* AnimatableCellPath.swift in Sources */ = {isa = PBXBuildFile; fileRef = 1F64C6CA1CB4DF9B006886BF /* AnimatableCellPath.swift */; };
		1F64C80B1CB4FDD0006886BF /* Artists.framework in Frameworks */ = {isa = PBXBuildFile; fileRef = 1F64C80A1CB4FDD0006886BF /* Artists.framework */; };
		1F64C80C1CB4FDD0006886BF /* Artists.framework in Embed Frameworks */ = {isa = PBXBuildFile; fileRef = 1F64C80A1CB4FDD0006886BF /* Artists.framework */; settings = {ATTRIBUTES = (CodeSignOnCopy, RemoveHeadersOnCopy, ); }; };
		1F94A5D81CB5C9EC008FDC5C /* ArtistView.swift in Sources */ = {isa = PBXBuildFile; fileRef = 1F94A5D71CB5C9EC008FDC5C /* ArtistView.swift */; };
		1F94A5DA1CB6E097008FDC5C /* UniversLTStd-LightUltraCn.otf in Resources */ = {isa = PBXBuildFile; fileRef = 1F94A5D91CB6E097008FDC5C /* UniversLTStd-LightUltraCn.otf */; };
		1F94A5DC1CB6E14C008FDC5C /* Inconsolata.otf in Resources */ = {isa = PBXBuildFile; fileRef = 1F94A5DB1CB6E14C008FDC5C /* Inconsolata.otf */; };
		1F94A69D1CB70559008FDC5C /* ResonateShapeGenerator.swift in Sources */ = {isa = PBXBuildFile; fileRef = 1F94A69C1CB70559008FDC5C /* ResonateShapeGenerator.swift */; };
		1F94A75E1CB760FC008FDC5C /* programme2016.plist in Resources */ = {isa = PBXBuildFile; fileRef = 1F94A75D1CB760FC008FDC5C /* programme2016.plist */; };
		1FEA02EB1CB3A17A00BE9EF1 /* venueOrder.plist in Resources */ = {isa = PBXBuildFile; fileRef = 1FEA02E21CB3A17A00BE9EF1 /* venueOrder.plist */; };
		1FEA02ED1CB3A17A00BE9EF1 /* Event.swift in Sources */ = {isa = PBXBuildFile; fileRef = 1FEA02E41CB3A17A00BE9EF1 /* Event.swift */; };
		1FEA02EE1CB3A17A00BE9EF1 /* ScheduleViewController.swift in Sources */ = {isa = PBXBuildFile; fileRef = 1FEA02E51CB3A17A00BE9EF1 /* ScheduleViewController.swift */; };
		1FEA02EF1CB3A17A00BE9EF1 /* Schedule.swift in Sources */ = {isa = PBXBuildFile; fileRef = 1FEA02E61CB3A17A00BE9EF1 /* Schedule.swift */; };
		1FEA02F01CB3A17A00BE9EF1 /* ScheduleLayout.swift in Sources */ = {isa = PBXBuildFile; fileRef = 1FEA02E71CB3A17A00BE9EF1 /* ScheduleLayout.swift */; };
		1FEA02F11CB3A17A00BE9EF1 /* EventCell.swift in Sources */ = {isa = PBXBuildFile; fileRef = 1FEA02E81CB3A17A00BE9EF1 /* EventCell.swift */; };
		1FEA02F41CB3A1BF00BE9EF1 /* ScheduleViewController.storyboard in Resources */ = {isa = PBXBuildFile; fileRef = 1FEA02F31CB3A1BF00BE9EF1 /* ScheduleViewController.storyboard */; };
		1FEA02F61CB428B600BE9EF1 /* HourHeaderView.xib in Resources */ = {isa = PBXBuildFile; fileRef = 1FEA02F51CB428B600BE9EF1 /* HourHeaderView.xib */; };
		1FEA02F81CB4293300BE9EF1 /* HourHeaderView.swift in Sources */ = {isa = PBXBuildFile; fileRef = 1FEA02F71CB4293300BE9EF1 /* HourHeaderView.swift */; };
		A93957C11CA24F0900EF809A /* RemoteInteraction.swift in Sources */ = {isa = PBXBuildFile; fileRef = A93957C01CA24F0900EF809A /* RemoteInteraction.swift */; };
		AAF17C2E1C50975421007ED9 /* Pods_Peripheral.framework in Frameworks */ = {isa = PBXBuildFile; fileRef = 71A68A39A46059479EACF855 /* Pods_Peripheral.framework */; };
		D9C6342E1C9896F000AB3F75 /* SocketManager.swift in Sources */ = {isa = PBXBuildFile; fileRef = D9C6342D1C9896F000AB3F75 /* SocketManager.swift */; };
		D9C634361C98A01200AB3F75 /* Packet.swift in Sources */ = {isa = PBXBuildFile; fileRef = D9C634351C98A01200AB3F75 /* Packet.swift */; };
		D9C634451C98C93800AB3F75 /* UniverseController.swift in Sources */ = {isa = PBXBuildFile; fileRef = D9C634441C98C93800AB3F75 /* UniverseController.swift */; };
		D9C634481C98C99100AB3F75 /* Gesture.swift in Sources */ = {isa = PBXBuildFile; fileRef = D9C634471C98C99100AB3F75 /* Gesture.swift */; };
		D9C6344A1C98CA2700AB3F75 /* Spiral.swift in Sources */ = {isa = PBXBuildFile; fileRef = D9C634491C98CA2700AB3F75 /* Spiral.swift */; };
		D9C6344C1C98CA6600AB3F75 /* InfiniteScrollview.swift in Sources */ = {isa = PBXBuildFile; fileRef = D9C6344B1C98CA6600AB3F75 /* InfiniteScrollview.swift */; };
		D9DAAE591CB2D524000D647A /* LaunchScreen.xib in Resources */ = {isa = PBXBuildFile; fileRef = D9DAAE4A1CB2D524000D647A /* LaunchScreen.xib */; };
		D9DAAE5A1CB2D524000D647A /* Main.storyboard in Resources */ = {isa = PBXBuildFile; fileRef = D9DAAE4C1CB2D524000D647A /* Main.storyboard */; };
		D9DAAE5F1CB2D524000D647A /* Images.xcassets in Resources */ = {isa = PBXBuildFile; fileRef = D9DAAE521CB2D524000D647A /* Images.xcassets */; };
/* End PBXBuildFile section */

/* Begin PBXContainerItemProxy section */
		1F545E1A1C97E64D00436812 /* PBXContainerItemProxy */ = {
			isa = PBXContainerItemProxy;
			containerPortal = 1F545D6A1C97E64C00436812 /* Project object */;
			proxyType = 1;
			remoteGlobalIDString = 1F545D711C97E64C00436812;
			remoteInfo = Peripheral;
		};
/* End PBXContainerItemProxy section */

/* Begin PBXCopyFilesBuildPhase section */
		1F64C80D1CB4FDD1006886BF /* Embed Frameworks */ = {
			isa = PBXCopyFilesBuildPhase;
			buildActionMask = 2147483647;
			dstPath = "";
			dstSubfolderSpec = 10;
			files = (
				1F64C80C1CB4FDD0006886BF /* Artists.framework in Embed Frameworks */,
			);
			name = "Embed Frameworks";
			runOnlyForDeploymentPostprocessing = 0;
		};
/* End PBXCopyFilesBuildPhase section */

/* Begin PBXFileReference section */
		1F545D721C97E64C00436812 /* Peripheral.app */ = {isa = PBXFileReference; explicitFileType = wrapper.application; includeInIndex = 0; path = Peripheral.app; sourceTree = BUILT_PRODUCTS_DIR; };
		1F545D751C97E64C00436812 /* AppDelegate.swift */ = {isa = PBXFileReference; lastKnownFileType = sourcecode.swift; path = AppDelegate.swift; sourceTree = "<group>"; };
		1F545E0A1C97E64D00436812 /* WorkSpace.swift */ = {isa = PBXFileReference; lastKnownFileType = sourcecode.swift; path = WorkSpace.swift; sourceTree = "<group>"; };
		1F545E0D1C97E64D00436812 /* Base */ = {isa = PBXFileReference; lastKnownFileType = file.storyboard; name = Base; path = Base.lproj/Main.storyboard; sourceTree = "<group>"; };
		1F545E0F1C97E64D00436812 /* Images.xcassets */ = {isa = PBXFileReference; lastKnownFileType = folder.assetcatalog; path = Images.xcassets; sourceTree = "<group>"; };
		1F545E121C97E64D00436812 /* Base */ = {isa = PBXFileReference; lastKnownFileType = file.xib; name = Base; path = Base.lproj/LaunchScreen.xib; sourceTree = "<group>"; };
		1F545E141C97E64D00436812 /* Info.plist */ = {isa = PBXFileReference; lastKnownFileType = text.plist.xml; path = Info.plist; sourceTree = "<group>"; };
		1F545E191C97E64D00436812 /* PeripheralTests.xctest */ = {isa = PBXFileReference; explicitFileType = wrapper.cfbundle; includeInIndex = 0; path = PeripheralTests.xctest; sourceTree = BUILT_PRODUCTS_DIR; };
		1F545E1D1C97E64D00436812 /* PeripheralTests.swift */ = {isa = PBXFileReference; lastKnownFileType = sourcecode.swift; path = PeripheralTests.swift; sourceTree = "<group>"; };
		1F545E1F1C97E64D00436812 /* Info.plist */ = {isa = PBXFileReference; lastKnownFileType = text.plist.xml; path = Info.plist; sourceTree = "<group>"; };
		1F64C6CA1CB4DF9B006886BF /* AnimatableCellPath.swift */ = {isa = PBXFileReference; fileEncoding = 4; lastKnownFileType = sourcecode.swift; path = AnimatableCellPath.swift; sourceTree = "<group>"; };
		1F64C7641CB4F909006886BF /* Artists.framework */ = {isa = PBXFileReference; lastKnownFileType = wrapper.framework; name = Artists.framework; path = "../../../Library/Developer/Xcode/DerivedData/MO-cyormbdxbwelpbbucosiysjwropz/Build/Products/Debug-iphonesimulator/Artists.framework"; sourceTree = "<group>"; };
		1F64C80A1CB4FDD0006886BF /* Artists.framework */ = {isa = PBXFileReference; explicitFileType = wrapper.framework; name = Artists.framework; path = "/Users/travis/Library/Developer/Xcode/DerivedData/MO-cyormbdxbwelpbbucosiysjwropz/Build/Products/Debug-iphoneos/Artists.framework"; sourceTree = "<absolute>"; };
		1F94A5D71CB5C9EC008FDC5C /* ArtistView.swift */ = {isa = PBXFileReference; fileEncoding = 4; lastKnownFileType = sourcecode.swift; path = ArtistView.swift; sourceTree = "<group>"; };
		1F94A5D91CB6E097008FDC5C /* UniversLTStd-LightUltraCn.otf */ = {isa = PBXFileReference; lastKnownFileType = file; path = "UniversLTStd-LightUltraCn.otf"; sourceTree = "<group>"; };
		1F94A5DB1CB6E14C008FDC5C /* Inconsolata.otf */ = {isa = PBXFileReference; lastKnownFileType = file; path = Inconsolata.otf; sourceTree = "<group>"; };
		1F94A69C1CB70559008FDC5C /* ResonateShapeGenerator.swift */ = {isa = PBXFileReference; fileEncoding = 4; lastKnownFileType = sourcecode.swift; path = ResonateShapeGenerator.swift; sourceTree = "<group>"; };
		1F94A75D1CB760FC008FDC5C /* programme2016.plist */ = {isa = PBXFileReference; fileEncoding = 4; lastKnownFileType = text.plist.xml; path = programme2016.plist; sourceTree = "<group>"; };
		1FEA02E21CB3A17A00BE9EF1 /* venueOrder.plist */ = {isa = PBXFileReference; fileEncoding = 4; lastKnownFileType = text.plist.xml; path = venueOrder.plist; sourceTree = "<group>"; };
		1FEA02E41CB3A17A00BE9EF1 /* Event.swift */ = {isa = PBXFileReference; fileEncoding = 4; lastKnownFileType = sourcecode.swift; path = Event.swift; sourceTree = "<group>"; };
		1FEA02E51CB3A17A00BE9EF1 /* ScheduleViewController.swift */ = {isa = PBXFileReference; fileEncoding = 4; lastKnownFileType = sourcecode.swift; path = ScheduleViewController.swift; sourceTree = "<group>"; };
		1FEA02E61CB3A17A00BE9EF1 /* Schedule.swift */ = {isa = PBXFileReference; fileEncoding = 4; lastKnownFileType = sourcecode.swift; path = Schedule.swift; sourceTree = "<group>"; };
		1FEA02E71CB3A17A00BE9EF1 /* ScheduleLayout.swift */ = {isa = PBXFileReference; fileEncoding = 4; lastKnownFileType = sourcecode.swift; path = ScheduleLayout.swift; sourceTree = "<group>"; };
		1FEA02E81CB3A17A00BE9EF1 /* EventCell.swift */ = {isa = PBXFileReference; fileEncoding = 4; lastKnownFileType = sourcecode.swift; path = EventCell.swift; sourceTree = "<group>"; };
		1FEA02F31CB3A1BF00BE9EF1 /* ScheduleViewController.storyboard */ = {isa = PBXFileReference; fileEncoding = 4; lastKnownFileType = file.storyboard; path = ScheduleViewController.storyboard; sourceTree = "<group>"; };
		1FEA02F51CB428B600BE9EF1 /* HourHeaderView.xib */ = {isa = PBXFileReference; fileEncoding = 4; lastKnownFileType = file.xib; path = HourHeaderView.xib; sourceTree = "<group>"; };
		1FEA02F71CB4293300BE9EF1 /* HourHeaderView.swift */ = {isa = PBXFileReference; fileEncoding = 4; lastKnownFileType = sourcecode.swift; path = HourHeaderView.swift; sourceTree = "<group>"; };
		71A68A39A46059479EACF855 /* Pods_Peripheral.framework */ = {isa = PBXFileReference; explicitFileType = wrapper.framework; includeInIndex = 0; path = Pods_Peripheral.framework; sourceTree = BUILT_PRODUCTS_DIR; };
		860E0D5A6C1FA917A2080FF6 /* Pods-Peripheral.debug.xcconfig */ = {isa = PBXFileReference; includeInIndex = 1; lastKnownFileType = text.xcconfig; name = "Pods-Peripheral.debug.xcconfig"; path = "../Pods/Target Support Files/Pods-Peripheral/Pods-Peripheral.debug.xcconfig"; sourceTree = "<group>"; };
		A93957C01CA24F0900EF809A /* RemoteInteraction.swift */ = {isa = PBXFileReference; fileEncoding = 4; lastKnownFileType = sourcecode.swift; path = RemoteInteraction.swift; sourceTree = "<group>"; };
		A9B46CFD1C9CAD0700E1D1DD /* C4.framework */ = {isa = PBXFileReference; lastKnownFileType = wrapper.framework; name = C4.framework; path = ../Carthage/Build/iOS/C4.framework; sourceTree = "<group>"; };
		A9B46CFE1C9CAD0700E1D1DD /* CocoaAsyncSocket.framework */ = {isa = PBXFileReference; lastKnownFileType = wrapper.framework; name = CocoaAsyncSocket.framework; path = ../Carthage/Build/iOS/CocoaAsyncSocket.framework; sourceTree = "<group>"; };
		A9B46CFF1C9CAD0700E1D1DD /* CocoaLumberjackSwift.framework */ = {isa = PBXFileReference; lastKnownFileType = wrapper.framework; name = CocoaLumberjackSwift.framework; path = ../Carthage/Build/iOS/CocoaLumberjackSwift.framework; sourceTree = "<group>"; };
		A9B46D201C9D0D4E00E1D1DD /* CocoaLumberjack.framework */ = {isa = PBXFileReference; lastKnownFileType = wrapper.framework; name = CocoaLumberjack.framework; path = ../Carthage/Build/iOS/CocoaLumberjack.framework; sourceTree = "<group>"; };
		D7CB24A1AF358421890923F5 /* Pods-Peripheral.release.xcconfig */ = {isa = PBXFileReference; includeInIndex = 1; lastKnownFileType = text.xcconfig; name = "Pods-Peripheral.release.xcconfig"; path = "../Pods/Target Support Files/Pods-Peripheral/Pods-Peripheral.release.xcconfig"; sourceTree = "<group>"; };
		D9C6342D1C9896F000AB3F75 /* SocketManager.swift */ = {isa = PBXFileReference; fileEncoding = 4; lastKnownFileType = sourcecode.swift; path = SocketManager.swift; sourceTree = "<group>"; };
		D9C634351C98A01200AB3F75 /* Packet.swift */ = {isa = PBXFileReference; fileEncoding = 4; lastKnownFileType = sourcecode.swift; name = Packet.swift; path = ../Packet.swift; sourceTree = "<group>"; };
		D9C634441C98C93800AB3F75 /* UniverseController.swift */ = {isa = PBXFileReference; fileEncoding = 4; lastKnownFileType = sourcecode.swift; path = UniverseController.swift; sourceTree = "<group>"; };
		D9C634471C98C99100AB3F75 /* Gesture.swift */ = {isa = PBXFileReference; fileEncoding = 4; lastKnownFileType = sourcecode.swift; path = Gesture.swift; sourceTree = "<group>"; };
		D9C634491C98CA2700AB3F75 /* Spiral.swift */ = {isa = PBXFileReference; fileEncoding = 4; lastKnownFileType = sourcecode.swift; path = Spiral.swift; sourceTree = "<group>"; };
		D9C6344B1C98CA6600AB3F75 /* InfiniteScrollview.swift */ = {isa = PBXFileReference; fileEncoding = 4; lastKnownFileType = sourcecode.swift; path = InfiniteScrollview.swift; sourceTree = "<group>"; };
		D9DAAE4B1CB2D524000D647A /* Base */ = {isa = PBXFileReference; lastKnownFileType = file.xib; name = Base; path = LaunchScreen.xib; sourceTree = "<group>"; };
		D9DAAE4D1CB2D524000D647A /* Base */ = {isa = PBXFileReference; lastKnownFileType = file.storyboard; name = Base; path = Main.storyboard; sourceTree = "<group>"; };
		D9DAAE521CB2D524000D647A /* Images.xcassets */ = {isa = PBXFileReference; lastKnownFileType = folder.assetcatalog; path = Images.xcassets; sourceTree = "<group>"; };
/* End PBXFileReference section */

/* Begin PBXFrameworksBuildPhase section */
		1F545D6F1C97E64C00436812 /* Frameworks */ = {
			isa = PBXFrameworksBuildPhase;
			buildActionMask = 2147483647;
			files = (
				AAF17C2E1C50975421007ED9 /* Pods_Peripheral.framework in Frameworks */,
				1F64C80B1CB4FDD0006886BF /* Artists.framework in Frameworks */,
			);
			runOnlyForDeploymentPostprocessing = 0;
		};
		1F545E161C97E64D00436812 /* Frameworks */ = {
			isa = PBXFrameworksBuildPhase;
			buildActionMask = 2147483647;
			files = (
			);
			runOnlyForDeploymentPostprocessing = 0;
		};
/* End PBXFrameworksBuildPhase section */

/* Begin PBXGroup section */
		1F4227F11C97FE3D00B731FE /* Frameworks */ = {
			isa = PBXGroup;
			children = (
				A9B46D201C9D0D4E00E1D1DD /* CocoaLumberjack.framework */,
				A9B46CFD1C9CAD0700E1D1DD /* C4.framework */,
				A9B46CFE1C9CAD0700E1D1DD /* CocoaAsyncSocket.framework */,
				A9B46CFF1C9CAD0700E1D1DD /* CocoaLumberjackSwift.framework */,
			);
			name = Frameworks;
			path = ..;
			sourceTree = "<group>";
		};
		1F545D691C97E64C00436812 = {
			isa = PBXGroup;
			children = (
				1F64C80A1CB4FDD0006886BF /* Artists.framework */,
				D9C634351C98A01200AB3F75 /* Packet.swift */,
				1F545D741C97E64C00436812 /* Peripheral */,
				1F545E1C1C97E64D00436812 /* PeripheralTests */,
				1F545D731C97E64C00436812 /* Products */,
				6AA1BFE37BED98AB934C2BF0 /* Pods */,
				7B05703BB2A2DB513B05A263 /* Frameworks */,
			);
			sourceTree = "<group>";
		};
		1F545D731C97E64C00436812 /* Products */ = {
			isa = PBXGroup;
			children = (
				1F545D721C97E64C00436812 /* Peripheral.app */,
				1F545E191C97E64D00436812 /* PeripheralTests.xctest */,
			);
			name = Products;
			sourceTree = "<group>";
		};
		1F545D741C97E64C00436812 /* Peripheral */ = {
			isa = PBXGroup;
			children = (
				D9C634461C98C93C00AB3F75 /* Universes */,
				D9C634471C98C99100AB3F75 /* Gesture.swift */,
				D9DAAE491CB2D524000D647A /* Base.lproj */,
				D9DAAE521CB2D524000D647A /* Images.xcassets */,
				1F94A75D1CB760FC008FDC5C /* programme2016.plist */,
				1FEA02E21CB3A17A00BE9EF1 /* venueOrder.plist */,
				1FEA02E41CB3A17A00BE9EF1 /* Event.swift */,
				1FEA02E51CB3A17A00BE9EF1 /* ScheduleViewController.swift */,
				1F94A69C1CB70559008FDC5C /* ResonateShapeGenerator.swift */,
				1FEA02E61CB3A17A00BE9EF1 /* Schedule.swift */,
				1FEA02E71CB3A17A00BE9EF1 /* ScheduleLayout.swift */,
				1FEA02E81CB3A17A00BE9EF1 /* EventCell.swift */,
				1F64C6CA1CB4DF9B006886BF /* AnimatableCellPath.swift */,
				D9C6344B1C98CA6600AB3F75 /* InfiniteScrollview.swift */,
				A93957C01CA24F0900EF809A /* RemoteInteraction.swift */,
				1F545D751C97E64C00436812 /* AppDelegate.swift */,
				D9C6342D1C9896F000AB3F75 /* SocketManager.swift */,
				1F545E0A1C97E64D00436812 /* WorkSpace.swift */,
				1FEA02F71CB4293300BE9EF1 /* HourHeaderView.swift */,
				1F94A5D71CB5C9EC008FDC5C /* ArtistView.swift */,
				1F94A5D91CB6E097008FDC5C /* UniversLTStd-LightUltraCn.otf */,
				1F94A5DB1CB6E14C008FDC5C /* Inconsolata.otf */,
				1FEA02F31CB3A1BF00BE9EF1 /* ScheduleViewController.storyboard */,
				1F545E0C1C97E64D00436812 /* Main.storyboard */,
				1FEA02F51CB428B600BE9EF1 /* HourHeaderView.xib */,
				1F545E0F1C97E64D00436812 /* Images.xcassets */,
				1F545E111C97E64D00436812 /* LaunchScreen.xib */,
				1F545E141C97E64D00436812 /* Info.plist */,
				1F4227F11C97FE3D00B731FE /* Frameworks */,
			);
			path = Peripheral;
			sourceTree = "<group>";
		};
		1F545E1C1C97E64D00436812 /* PeripheralTests */ = {
			isa = PBXGroup;
			children = (
				1F545E1D1C97E64D00436812 /* PeripheralTests.swift */,
				1F545E1F1C97E64D00436812 /* Info.plist */,
			);
			path = PeripheralTests;
			sourceTree = "<group>";
		};
		6AA1BFE37BED98AB934C2BF0 /* Pods */ = {
			isa = PBXGroup;
			children = (
				860E0D5A6C1FA917A2080FF6 /* Pods-Peripheral.debug.xcconfig */,
				D7CB24A1AF358421890923F5 /* Pods-Peripheral.release.xcconfig */,
			);
			name = Pods;
			sourceTree = "<group>";
		};
		7B05703BB2A2DB513B05A263 /* Frameworks */ = {
			isa = PBXGroup;
			children = (
				1F64C7641CB4F909006886BF /* Artists.framework */,
				71A68A39A46059479EACF855 /* Pods_Peripheral.framework */,
			);
			name = Frameworks;
			sourceTree = "<group>";
		};
		D9C634461C98C93C00AB3F75 /* Universes */ = {
			isa = PBXGroup;
			children = (
				D9C634441C98C93800AB3F75 /* UniverseController.swift */,
				D9C634491C98CA2700AB3F75 /* Spiral.swift */,
			);
			name = Universes;
			sourceTree = "<group>";
		};
		D9DAAE491CB2D524000D647A /* Base.lproj */ = {
			isa = PBXGroup;
			children = (
				D9DAAE4A1CB2D524000D647A /* LaunchScreen.xib */,
				D9DAAE4C1CB2D524000D647A /* Main.storyboard */,
			);
			path = Base.lproj;
			sourceTree = "<group>";
		};
/* End PBXGroup section */

/* Begin PBXNativeTarget section */
		1F545D711C97E64C00436812 /* Peripheral */ = {
			isa = PBXNativeTarget;
			buildConfigurationList = 1F545E221C97E64D00436812 /* Build configuration list for PBXNativeTarget "Peripheral" */;
			buildPhases = (
				DB6B3E70EB5413ECE3AFC02C /* 📦 Check Pods Manifest.lock */,
				1F545D6E1C97E64C00436812 /* Sources */,
				1F545D6F1C97E64C00436812 /* Frameworks */,
				1F545D701C97E64C00436812 /* Resources */,
				04A20D32C8E2BDB2C071EFF6 /* 📦 Embed Pods Frameworks */,
				4340241B955801F36467EBB7 /* 📦 Copy Pods Resources */,
				BE9E2498CB4998BC70B818C6 /* Embed Pods Frameworks */,
				1F64C80D1CB4FDD1006886BF /* Embed Frameworks */,
			);
			buildRules = (
			);
			dependencies = (
			);
			name = Peripheral;
			productName = Peripheral;
			productReference = 1F545D721C97E64C00436812 /* Peripheral.app */;
			productType = "com.apple.product-type.application";
		};
		1F545E181C97E64D00436812 /* PeripheralTests */ = {
			isa = PBXNativeTarget;
			buildConfigurationList = 1F545E251C97E64D00436812 /* Build configuration list for PBXNativeTarget "PeripheralTests" */;
			buildPhases = (
				1F545E151C97E64D00436812 /* Sources */,
				1F545E161C97E64D00436812 /* Frameworks */,
				1F545E171C97E64D00436812 /* Resources */,
			);
			buildRules = (
			);
			dependencies = (
				1F545E1B1C97E64D00436812 /* PBXTargetDependency */,
			);
			name = PeripheralTests;
			productName = PeripheralTests;
			productReference = 1F545E191C97E64D00436812 /* PeripheralTests.xctest */;
			productType = "com.apple.product-type.bundle.unit-test";
		};
/* End PBXNativeTarget section */

/* Begin PBXProject section */
		1F545D6A1C97E64C00436812 /* Project object */ = {
			isa = PBXProject;
			attributes = {
				LastSwiftUpdateCheck = 0720;
				LastUpgradeCheck = 0730;
				ORGANIZATIONNAME = C4;
				TargetAttributes = {
					1F545D711C97E64C00436812 = {
						CreatedOnToolsVersion = 7.2.1;
						DevelopmentTeam = 75C7KVJZ99;
					};
					1F545E181C97E64D00436812 = {
						CreatedOnToolsVersion = 7.2.1;
						TestTargetID = 1F545D711C97E64C00436812;
					};
				};
			};
			buildConfigurationList = 1F545D6D1C97E64C00436812 /* Build configuration list for PBXProject "Peripheral" */;
			compatibilityVersion = "Xcode 3.2";
			developmentRegion = English;
			hasScannedForEncodings = 0;
			knownRegions = (
				en,
				Base,
			);
			mainGroup = 1F545D691C97E64C00436812;
			productRefGroup = 1F545D731C97E64C00436812 /* Products */;
			projectDirPath = "";
			projectRoot = "";
			targets = (
				1F545D711C97E64C00436812 /* Peripheral */,
				1F545E181C97E64D00436812 /* PeripheralTests */,
			);
		};
/* End PBXProject section */

/* Begin PBXResourcesBuildPhase section */
		1F545D701C97E64C00436812 /* Resources */ = {
			isa = PBXResourcesBuildPhase;
			buildActionMask = 2147483647;
			files = (
				D9DAAE5F1CB2D524000D647A /* Images.xcassets in Resources */,
				1FEA02EB1CB3A17A00BE9EF1 /* venueOrder.plist in Resources */,
				1FEA02F41CB3A1BF00BE9EF1 /* ScheduleViewController.storyboard in Resources */,
				D9DAAE591CB2D524000D647A /* LaunchScreen.xib in Resources */,
				1F94A75E1CB760FC008FDC5C /* programme2016.plist in Resources */,
				D9DAAE5A1CB2D524000D647A /* Main.storyboard in Resources */,
				1F94A5DA1CB6E097008FDC5C /* UniversLTStd-LightUltraCn.otf in Resources */,
				1F545E131C97E64D00436812 /* LaunchScreen.xib in Resources */,
				1F94A5DC1CB6E14C008FDC5C /* Inconsolata.otf in Resources */,
				1F545E0E1C97E64D00436812 /* Main.storyboard in Resources */,
				1FEA02F61CB428B600BE9EF1 /* HourHeaderView.xib in Resources */,
			);
			runOnlyForDeploymentPostprocessing = 0;
		};
		1F545E171C97E64D00436812 /* Resources */ = {
			isa = PBXResourcesBuildPhase;
			buildActionMask = 2147483647;
			files = (
			);
			runOnlyForDeploymentPostprocessing = 0;
		};
/* End PBXResourcesBuildPhase section */

/* Begin PBXShellScriptBuildPhase section */
		04A20D32C8E2BDB2C071EFF6 /* 📦 Embed Pods Frameworks */ = {
			isa = PBXShellScriptBuildPhase;
			buildActionMask = 2147483647;
			files = (
			);
			inputPaths = (
			);
			name = "📦 Embed Pods Frameworks";
			outputPaths = (
			);
			runOnlyForDeploymentPostprocessing = 0;
			shellPath = /bin/sh;
			shellScript = "\"${SRCROOT}/../Pods/Target Support Files/Pods-Peripheral/Pods-Peripheral-frameworks.sh\"\n";
			showEnvVarsInLog = 0;
		};
		4340241B955801F36467EBB7 /* 📦 Copy Pods Resources */ = {
			isa = PBXShellScriptBuildPhase;
			buildActionMask = 2147483647;
			files = (
			);
			inputPaths = (
			);
			name = "📦 Copy Pods Resources";
			outputPaths = (
			);
			runOnlyForDeploymentPostprocessing = 0;
			shellPath = /bin/sh;
			shellScript = "\"${SRCROOT}/../Pods/Target Support Files/Pods-Peripheral/Pods-Peripheral-resources.sh\"\n";
			showEnvVarsInLog = 0;
		};
		BE9E2498CB4998BC70B818C6 /* Embed Pods Frameworks */ = {
			isa = PBXShellScriptBuildPhase;
			buildActionMask = 2147483647;
			files = (
			);
			inputPaths = (
			);
			name = "Embed Pods Frameworks";
			outputPaths = (
			);
			runOnlyForDeploymentPostprocessing = 0;
			shellPath = /bin/sh;
			shellScript = "\"${SRCROOT}/../Pods/Target Support Files/Pods-Peripheral/Pods-Peripheral-frameworks.sh\"\n";
			showEnvVarsInLog = 0;
		};
		DB6B3E70EB5413ECE3AFC02C /* 📦 Check Pods Manifest.lock */ = {
			isa = PBXShellScriptBuildPhase;
			buildActionMask = 2147483647;
			files = (
			);
			inputPaths = (
			);
			name = "📦 Check Pods Manifest.lock";
			outputPaths = (
			);
			runOnlyForDeploymentPostprocessing = 0;
			shellPath = /bin/sh;
			shellScript = "diff \"${PODS_ROOT}/../Podfile.lock\" \"${PODS_ROOT}/Manifest.lock\" > /dev/null\nif [[ $? != 0 ]] ; then\n    cat << EOM\nerror: The sandbox is not in sync with the Podfile.lock. Run 'pod install' or update your CocoaPods installation.\nEOM\n    exit 1\nfi\n";
			showEnvVarsInLog = 0;
		};
/* End PBXShellScriptBuildPhase section */

/* Begin PBXSourcesBuildPhase section */
		1F545D6E1C97E64C00436812 /* Sources */ = {
			isa = PBXSourcesBuildPhase;
			buildActionMask = 2147483647;
			files = (
				D9C634481C98C99100AB3F75 /* Gesture.swift in Sources */,
				D9C6342E1C9896F000AB3F75 /* SocketManager.swift in Sources */,
				1F94A5D81CB5C9EC008FDC5C /* ArtistView.swift in Sources */,
				D9C634361C98A01200AB3F75 /* Packet.swift in Sources */,
				1F545D761C97E64C00436812 /* AppDelegate.swift in Sources */,
				1FEA02ED1CB3A17A00BE9EF1 /* Event.swift in Sources */,
				D9C634451C98C93800AB3F75 /* UniverseController.swift in Sources */,
				1FEA02F11CB3A17A00BE9EF1 /* EventCell.swift in Sources */,
				1FEA02EF1CB3A17A00BE9EF1 /* Schedule.swift in Sources */,
				1F64C6CB1CB4DF9B006886BF /* AnimatableCellPath.swift in Sources */,
				1FEA02F81CB4293300BE9EF1 /* HourHeaderView.swift in Sources */,
				D9C6344C1C98CA6600AB3F75 /* InfiniteScrollview.swift in Sources */,
				1F94A69D1CB70559008FDC5C /* ResonateShapeGenerator.swift in Sources */,
				D9C6344A1C98CA2700AB3F75 /* Spiral.swift in Sources */,
				1F545E0B1C97E64D00436812 /* WorkSpace.swift in Sources */,
				1FEA02F01CB3A17A00BE9EF1 /* ScheduleLayout.swift in Sources */,
				1FEA02EE1CB3A17A00BE9EF1 /* ScheduleViewController.swift in Sources */,
				A93957C11CA24F0900EF809A /* RemoteInteraction.swift in Sources */,
			);
			runOnlyForDeploymentPostprocessing = 0;
		};
		1F545E151C97E64D00436812 /* Sources */ = {
			isa = PBXSourcesBuildPhase;
			buildActionMask = 2147483647;
			files = (
				1F545E1E1C97E64D00436812 /* PeripheralTests.swift in Sources */,
			);
			runOnlyForDeploymentPostprocessing = 0;
		};
/* End PBXSourcesBuildPhase section */

/* Begin PBXTargetDependency section */
		1F545E1B1C97E64D00436812 /* PBXTargetDependency */ = {
			isa = PBXTargetDependency;
			target = 1F545D711C97E64C00436812 /* Peripheral */;
			targetProxy = 1F545E1A1C97E64D00436812 /* PBXContainerItemProxy */;
		};
/* End PBXTargetDependency section */

/* Begin PBXVariantGroup section */
		1F545E0C1C97E64D00436812 /* Main.storyboard */ = {
			isa = PBXVariantGroup;
			children = (
				1F545E0D1C97E64D00436812 /* Base */,
			);
			name = Main.storyboard;
			sourceTree = "<group>";
		};
		1F545E111C97E64D00436812 /* LaunchScreen.xib */ = {
			isa = PBXVariantGroup;
			children = (
				1F545E121C97E64D00436812 /* Base */,
			);
			name = LaunchScreen.xib;
			sourceTree = "<group>";
		};
		D9DAAE4A1CB2D524000D647A /* LaunchScreen.xib */ = {
			isa = PBXVariantGroup;
			children = (
				D9DAAE4B1CB2D524000D647A /* Base */,
			);
			name = LaunchScreen.xib;
			sourceTree = "<group>";
		};
		D9DAAE4C1CB2D524000D647A /* Main.storyboard */ = {
			isa = PBXVariantGroup;
			children = (
				D9DAAE4D1CB2D524000D647A /* Base */,
			);
			name = Main.storyboard;
			sourceTree = "<group>";
		};
/* End PBXVariantGroup section */

/* Begin XCBuildConfiguration section */
		1F545E201C97E64D00436812 /* Debug */ = {
			isa = XCBuildConfiguration;
			buildSettings = {
				ALWAYS_SEARCH_USER_PATHS = NO;
				CLANG_CXX_LANGUAGE_STANDARD = "gnu++0x";
				CLANG_CXX_LIBRARY = "libc++";
				CLANG_ENABLE_MODULES = YES;
				CLANG_ENABLE_OBJC_ARC = YES;
				CLANG_WARN_BOOL_CONVERSION = YES;
				CLANG_WARN_CONSTANT_CONVERSION = YES;
				CLANG_WARN_DIRECT_OBJC_ISA_USAGE = YES_ERROR;
				CLANG_WARN_EMPTY_BODY = YES;
				CLANG_WARN_ENUM_CONVERSION = YES;
				CLANG_WARN_INT_CONVERSION = YES;
				CLANG_WARN_OBJC_ROOT_CLASS = YES_ERROR;
				CLANG_WARN_UNREACHABLE_CODE = YES;
				CLANG_WARN__DUPLICATE_METHOD_MATCH = YES;
				"CODE_SIGN_IDENTITY[sdk=iphoneos*]" = "iPhone Developer";
				COPY_PHASE_STRIP = NO;
				DEBUG_INFORMATION_FORMAT = "dwarf-with-dsym";
				ENABLE_STRICT_OBJC_MSGSEND = YES;
				ENABLE_TESTABILITY = YES;
				GCC_C_LANGUAGE_STANDARD = gnu99;
				GCC_DYNAMIC_NO_PIC = NO;
				GCC_NO_COMMON_BLOCKS = YES;
				GCC_OPTIMIZATION_LEVEL = 0;
				GCC_PREPROCESSOR_DEFINITIONS = (
					"DEBUG=1",
					"$(inherited)",
				);
				GCC_WARN_64_TO_32_BIT_CONVERSION = YES;
				GCC_WARN_ABOUT_RETURN_TYPE = YES_ERROR;
				GCC_WARN_UNDECLARED_SELECTOR = YES;
				GCC_WARN_UNINITIALIZED_AUTOS = YES_AGGRESSIVE;
				GCC_WARN_UNUSED_FUNCTION = YES;
				GCC_WARN_UNUSED_VARIABLE = YES;
				IPHONEOS_DEPLOYMENT_TARGET = 9.0;
				MTL_ENABLE_DEBUG_INFO = YES;
				ONLY_ACTIVE_ARCH = YES;
				SDKROOT = iphoneos;
				SWIFT_OPTIMIZATION_LEVEL = "-Onone";
				TARGETED_DEVICE_FAMILY = 2;
			};
			name = Debug;
		};
		1F545E211C97E64D00436812 /* Release */ = {
			isa = XCBuildConfiguration;
			buildSettings = {
				ALWAYS_SEARCH_USER_PATHS = NO;
				CLANG_CXX_LANGUAGE_STANDARD = "gnu++0x";
				CLANG_CXX_LIBRARY = "libc++";
				CLANG_ENABLE_MODULES = YES;
				CLANG_ENABLE_OBJC_ARC = YES;
				CLANG_WARN_BOOL_CONVERSION = YES;
				CLANG_WARN_CONSTANT_CONVERSION = YES;
				CLANG_WARN_DIRECT_OBJC_ISA_USAGE = YES_ERROR;
				CLANG_WARN_EMPTY_BODY = YES;
				CLANG_WARN_ENUM_CONVERSION = YES;
				CLANG_WARN_INT_CONVERSION = YES;
				CLANG_WARN_OBJC_ROOT_CLASS = YES_ERROR;
				CLANG_WARN_UNREACHABLE_CODE = YES;
				CLANG_WARN__DUPLICATE_METHOD_MATCH = YES;
				"CODE_SIGN_IDENTITY[sdk=iphoneos*]" = "iPhone Developer";
				COPY_PHASE_STRIP = NO;
				DEBUG_INFORMATION_FORMAT = "dwarf-with-dsym";
				ENABLE_NS_ASSERTIONS = NO;
				ENABLE_STRICT_OBJC_MSGSEND = YES;
				GCC_C_LANGUAGE_STANDARD = gnu99;
				GCC_NO_COMMON_BLOCKS = YES;
				GCC_WARN_64_TO_32_BIT_CONVERSION = YES;
				GCC_WARN_ABOUT_RETURN_TYPE = YES_ERROR;
				GCC_WARN_UNDECLARED_SELECTOR = YES;
				GCC_WARN_UNINITIALIZED_AUTOS = YES_AGGRESSIVE;
				GCC_WARN_UNUSED_FUNCTION = YES;
				GCC_WARN_UNUSED_VARIABLE = YES;
				IPHONEOS_DEPLOYMENT_TARGET = 9.0;
				MTL_ENABLE_DEBUG_INFO = NO;
				SDKROOT = iphoneos;
				TARGETED_DEVICE_FAMILY = 2;
				VALIDATE_PRODUCT = YES;
			};
			name = Release;
		};
		1F545E231C97E64D00436812 /* Debug */ = {
			isa = XCBuildConfiguration;
			baseConfigurationReference = 860E0D5A6C1FA917A2080FF6 /* Pods-Peripheral.debug.xcconfig */;
			buildSettings = {
				ASSETCATALOG_COMPILER_APPICON_NAME = AppIcon;
				CODE_SIGN_IDENTITY = "iPhone Developer: Travis Stuart Kirton (L8K667RYG7)";
				"CODE_SIGN_IDENTITY[sdk=iphoneos*]" = "iPhone Developer: Travis Stuart Kirton (L8K667RYG7)";
				INFOPLIST_FILE = Peripheral/Info.plist;
				IPHONEOS_DEPLOYMENT_TARGET = 9.3;
				LD_RUNPATH_SEARCH_PATHS = "$(inherited) @executable_path/Frameworks";
				PRODUCT_BUNDLE_IDENTIFIER = com.c4ios.Peripheral;
				PRODUCT_NAME = "$(TARGET_NAME)";
				PROVISIONING_PROFILE = "782c69f5-64bb-46d1-b09b-3e6a5899376f";
			};
			name = Debug;
		};
		1F545E241C97E64D00436812 /* Release */ = {
			isa = XCBuildConfiguration;
			baseConfigurationReference = D7CB24A1AF358421890923F5 /* Pods-Peripheral.release.xcconfig */;
			buildSettings = {
				ASSETCATALOG_COMPILER_APPICON_NAME = AppIcon;
				CODE_SIGN_IDENTITY = "iPhone Developer: Travis Stuart Kirton (L8K667RYG7)";
				"CODE_SIGN_IDENTITY[sdk=iphoneos*]" = "iPhone Developer: Travis Stuart Kirton (L8K667RYG7)";
				INFOPLIST_FILE = Peripheral/Info.plist;
				IPHONEOS_DEPLOYMENT_TARGET = 9.3;
				LD_RUNPATH_SEARCH_PATHS = "$(inherited) @executable_path/Frameworks";
				PRODUCT_BUNDLE_IDENTIFIER = com.c4ios.Peripheral;
				PRODUCT_NAME = "$(TARGET_NAME)";
				PROVISIONING_PROFILE = "782c69f5-64bb-46d1-b09b-3e6a5899376f";
			};
			name = Release;
		};
		1F545E261C97E64D00436812 /* Debug */ = {
			isa = XCBuildConfiguration;
			buildSettings = {
				BUNDLE_LOADER = "$(TEST_HOST)";
				DEBUG_INFORMATION_FORMAT = dwarf;
				INFOPLIST_FILE = PeripheralTests/Info.plist;
				LD_RUNPATH_SEARCH_PATHS = "$(inherited) @executable_path/Frameworks @loader_path/Frameworks";
				PRODUCT_BUNDLE_IDENTIFIER = C4.PeripheralTests;
				PRODUCT_NAME = "$(TARGET_NAME)";
				TEST_HOST = "$(BUILT_PRODUCTS_DIR)/Peripheral.app/Peripheral";
			};
			name = Debug;
		};
		1F545E271C97E64D00436812 /* Release */ = {
			isa = XCBuildConfiguration;
			buildSettings = {
				BUNDLE_LOADER = "$(TEST_HOST)";
				INFOPLIST_FILE = PeripheralTests/Info.plist;
				LD_RUNPATH_SEARCH_PATHS = "$(inherited) @executable_path/Frameworks @loader_path/Frameworks";
				PRODUCT_BUNDLE_IDENTIFIER = C4.PeripheralTests;
				PRODUCT_NAME = "$(TARGET_NAME)";
				TEST_HOST = "$(BUILT_PRODUCTS_DIR)/Peripheral.app/Peripheral";
			};
			name = Release;
		};
/* End XCBuildConfiguration section */

/* Begin XCConfigurationList section */
		1F545D6D1C97E64C00436812 /* Build configuration list for PBXProject "Peripheral" */ = {
			isa = XCConfigurationList;
			buildConfigurations = (
				1F545E201C97E64D00436812 /* Debug */,
				1F545E211C97E64D00436812 /* Release */,
			);
			defaultConfigurationIsVisible = 0;
			defaultConfigurationName = Release;
		};
		1F545E221C97E64D00436812 /* Build configuration list for PBXNativeTarget "Peripheral" */ = {
			isa = XCConfigurationList;
			buildConfigurations = (
				1F545E231C97E64D00436812 /* Debug */,
				1F545E241C97E64D00436812 /* Release */,
			);
			defaultConfigurationIsVisible = 0;
			defaultConfigurationName = Release;
		};
		1F545E251C97E64D00436812 /* Build configuration list for PBXNativeTarget "PeripheralTests" */ = {
			isa = XCConfigurationList;
			buildConfigurations = (
				1F545E261C97E64D00436812 /* Debug */,
				1F545E271C97E64D00436812 /* Release */,
			);
			defaultConfigurationIsVisible = 0;
			defaultConfigurationName = Release;
		};
/* End XCConfigurationList section */
	};
	rootObject = 1F545D6A1C97E64C00436812 /* Project object */;
}
