// !$*UTF8*$!
{
	archiveVersion = 1;
	classes = {
	};
	objectVersion = 46;
	objects = {

/* Begin PBXBuildFile section */
		1F545D321C97E27100436812 /* AppDelegate.swift in Sources */ = {isa = PBXBuildFile; fileRef = 1F545D311C97E27100436812 /* AppDelegate.swift */; };
		1F545D341C97E27100436812 /* ViewController.swift in Sources */ = {isa = PBXBuildFile; fileRef = 1F545D331C97E27100436812 /* ViewController.swift */; };
		1F545D361C97E27100436812 /* Assets.xcassets in Resources */ = {isa = PBXBuildFile; fileRef = 1F545D351C97E27100436812 /* Assets.xcassets */; };
		1F545D391C97E27100436812 /* Main.storyboard in Resources */ = {isa = PBXBuildFile; fileRef = 1F545D371C97E27100436812 /* Main.storyboard */; };
		A9B46D031C9CAD1C00E1D1DD /* CocoaAsyncSocket.framework in Frameworks */ = {isa = PBXBuildFile; fileRef = A9B46CF91C9CACE400E1D1DD /* CocoaAsyncSocket.framework */; };
		A9B46D041C9CAD1C00E1D1DD /* CocoaAsyncSocket.framework in Embed Frameworks */ = {isa = PBXBuildFile; fileRef = A9B46CF91C9CACE400E1D1DD /* CocoaAsyncSocket.framework */; settings = {ATTRIBUTES = (CodeSignOnCopy, RemoveHeadersOnCopy, ); }; };
		A9B46D051C9CAD1C00E1D1DD /* CocoaLumberjackSwift.framework in Frameworks */ = {isa = PBXBuildFile; fileRef = A9B46CFA1C9CACE400E1D1DD /* CocoaLumberjackSwift.framework */; };
		A9B46D061C9CAD1C00E1D1DD /* CocoaLumberjackSwift.framework in Embed Frameworks */ = {isa = PBXBuildFile; fileRef = A9B46CFA1C9CACE400E1D1DD /* CocoaLumberjackSwift.framework */; settings = {ATTRIBUTES = (CodeSignOnCopy, RemoveHeadersOnCopy, ); }; };
		A9B46D0E1C9CAE7200E1D1DD /* MasterTests.swift in Sources */ = {isa = PBXBuildFile; fileRef = A9B46D0D1C9CAE7200E1D1DD /* MasterTests.swift */; };
		A9B46D161C9CAE9800E1D1DD /* PacketTest.swift in Sources */ = {isa = PBXBuildFile; fileRef = A9B46D151C9CAE9800E1D1DD /* PacketTest.swift */; };
		A9B46D171C9CAEDF00E1D1DD /* Packet.swift in Sources */ = {isa = PBXBuildFile; fileRef = D9C634331C98A00A00AB3F75 /* Packet.swift */; };
		A9B46D191C9D02D400E1D1DD /* Peripheral.swift in Sources */ = {isa = PBXBuildFile; fileRef = A9B46D181C9D02D400E1D1DD /* Peripheral.swift */; };
		A9B46D281C9D107B00E1D1DD /* CocoaLumberjack.framework in Frameworks */ = {isa = PBXBuildFile; fileRef = A9B46D241C9D0FFB00E1D1DD /* CocoaLumberjack.framework */; };
		A9B46D291C9D107B00E1D1DD /* CocoaLumberjack.framework in Embed Frameworks */ = {isa = PBXBuildFile; fileRef = A9B46D241C9D0FFB00E1D1DD /* CocoaLumberjack.framework */; settings = {ATTRIBUTES = (CodeSignOnCopy, RemoveHeadersOnCopy, ); }; };
		A9B46D2E1C9D12A300E1D1DD /* CocoaAsyncSocket.framework.dSYM in CopyFiles */ = {isa = PBXBuildFile; fileRef = A9B46D2B1C9D12A300E1D1DD /* CocoaAsyncSocket.framework.dSYM */; };
		A9B46D2F1C9D12A300E1D1DD /* CocoaLumberjack.framework.dSYM in CopyFiles */ = {isa = PBXBuildFile; fileRef = A9B46D2C1C9D12A300E1D1DD /* CocoaLumberjack.framework.dSYM */; };
		A9B46D301C9D12A300E1D1DD /* CocoaLumberjackSwift.framework.dSYM in CopyFiles */ = {isa = PBXBuildFile; fileRef = A9B46D2D1C9D12A300E1D1DD /* CocoaLumberjackSwift.framework.dSYM */; };
		D9C6342C1C988FF200AB3F75 /* SocketManager.swift in Sources */ = {isa = PBXBuildFile; fileRef = D9C6342B1C988FF200AB3F75 /* SocketManager.swift */; };
		D9C634341C98A00A00AB3F75 /* Packet.swift in Sources */ = {isa = PBXBuildFile; fileRef = D9C634331C98A00A00AB3F75 /* Packet.swift */; };
/* End PBXBuildFile section */

/* Begin PBXContainerItemProxy section */
		A9B46D101C9CAE7200E1D1DD /* PBXContainerItemProxy */ = {
			isa = PBXContainerItemProxy;
			containerPortal = 1F545D261C97E27100436812 /* Project object */;
			proxyType = 1;
			remoteGlobalIDString = 1F545D2D1C97E27100436812;
			remoteInfo = Master;
		};
/* End PBXContainerItemProxy section */

/* Begin PBXCopyFilesBuildPhase section */
		1F4227FA1C97FE8500B731FE /* Embed Frameworks */ = {
			isa = PBXCopyFilesBuildPhase;
			buildActionMask = 2147483647;
			dstPath = "";
			dstSubfolderSpec = 10;
			files = (
				A9B46D061C9CAD1C00E1D1DD /* CocoaLumberjackSwift.framework in Embed Frameworks */,
				A9B46D291C9D107B00E1D1DD /* CocoaLumberjack.framework in Embed Frameworks */,
				A9B46D041C9CAD1C00E1D1DD /* CocoaAsyncSocket.framework in Embed Frameworks */,
			);
			name = "Embed Frameworks";
			runOnlyForDeploymentPostprocessing = 0;
		};
		A9B46D2A1C9D127D00E1D1DD /* CopyFiles */ = {
			isa = PBXCopyFilesBuildPhase;
			buildActionMask = 2147483647;
			dstPath = "";
			dstSubfolderSpec = 16;
			files = (
				A9B46D2E1C9D12A300E1D1DD /* CocoaAsyncSocket.framework.dSYM in CopyFiles */,
				A9B46D2F1C9D12A300E1D1DD /* CocoaLumberjack.framework.dSYM in CopyFiles */,
				A9B46D301C9D12A300E1D1DD /* CocoaLumberjackSwift.framework.dSYM in CopyFiles */,
			);
			runOnlyForDeploymentPostprocessing = 0;
		};
/* End PBXCopyFilesBuildPhase section */

/* Begin PBXFileReference section */
		1F545D2E1C97E27100436812 /* Master.app */ = {isa = PBXFileReference; explicitFileType = wrapper.application; includeInIndex = 0; path = Master.app; sourceTree = BUILT_PRODUCTS_DIR; };
		1F545D311C97E27100436812 /* AppDelegate.swift */ = {isa = PBXFileReference; lastKnownFileType = sourcecode.swift; path = AppDelegate.swift; sourceTree = "<group>"; };
		1F545D331C97E27100436812 /* ViewController.swift */ = {isa = PBXFileReference; lastKnownFileType = sourcecode.swift; path = ViewController.swift; sourceTree = "<group>"; };
		1F545D351C97E27100436812 /* Assets.xcassets */ = {isa = PBXFileReference; lastKnownFileType = folder.assetcatalog; path = Assets.xcassets; sourceTree = "<group>"; };
		1F545D381C97E27100436812 /* Base */ = {isa = PBXFileReference; lastKnownFileType = file.storyboard; name = Base; path = Base.lproj/Main.storyboard; sourceTree = "<group>"; };
		1F545D3A1C97E27100436812 /* Info.plist */ = {isa = PBXFileReference; lastKnownFileType = text.plist.xml; path = Info.plist; sourceTree = "<group>"; };
		A9B46CF91C9CACE400E1D1DD /* CocoaAsyncSocket.framework */ = {isa = PBXFileReference; lastKnownFileType = wrapper.framework; name = CocoaAsyncSocket.framework; path = ../Carthage/Build/Mac/CocoaAsyncSocket.framework; sourceTree = "<group>"; };
		A9B46CFA1C9CACE400E1D1DD /* CocoaLumberjackSwift.framework */ = {isa = PBXFileReference; lastKnownFileType = wrapper.framework; name = CocoaLumberjackSwift.framework; path = ../Carthage/Build/Mac/CocoaLumberjackSwift.framework; sourceTree = "<group>"; };
		A9B46D0B1C9CAE7200E1D1DD /* MasterTests.xctest */ = {isa = PBXFileReference; explicitFileType = wrapper.cfbundle; includeInIndex = 0; path = MasterTests.xctest; sourceTree = BUILT_PRODUCTS_DIR; };
		A9B46D0D1C9CAE7200E1D1DD /* MasterTests.swift */ = {isa = PBXFileReference; lastKnownFileType = sourcecode.swift; path = MasterTests.swift; sourceTree = "<group>"; };
		A9B46D0F1C9CAE7200E1D1DD /* Info.plist */ = {isa = PBXFileReference; lastKnownFileType = text.plist.xml; path = Info.plist; sourceTree = "<group>"; };
		A9B46D151C9CAE9800E1D1DD /* PacketTest.swift */ = {isa = PBXFileReference; fileEncoding = 4; lastKnownFileType = sourcecode.swift; path = PacketTest.swift; sourceTree = "<group>"; };
		A9B46D181C9D02D400E1D1DD /* Peripheral.swift */ = {isa = PBXFileReference; fileEncoding = 4; lastKnownFileType = sourcecode.swift; path = Peripheral.swift; sourceTree = "<group>"; };
		A9B46D241C9D0FFB00E1D1DD /* CocoaLumberjack.framework */ = {isa = PBXFileReference; lastKnownFileType = wrapper.framework; name = CocoaLumberjack.framework; path = ../Carthage/Build/iOS/CocoaLumberjack.framework; sourceTree = "<group>"; };
		A9B46D2B1C9D12A300E1D1DD /* CocoaAsyncSocket.framework.dSYM */ = {isa = PBXFileReference; lastKnownFileType = wrapper.dsym; name = CocoaAsyncSocket.framework.dSYM; path = ../Carthage/Build/Mac/CocoaAsyncSocket.framework.dSYM; sourceTree = "<group>"; };
		A9B46D2C1C9D12A300E1D1DD /* CocoaLumberjack.framework.dSYM */ = {isa = PBXFileReference; lastKnownFileType = wrapper.dsym; name = CocoaLumberjack.framework.dSYM; path = ../Carthage/Build/Mac/CocoaLumberjack.framework.dSYM; sourceTree = "<group>"; };
		A9B46D2D1C9D12A300E1D1DD /* CocoaLumberjackSwift.framework.dSYM */ = {isa = PBXFileReference; lastKnownFileType = wrapper.dsym; name = CocoaLumberjackSwift.framework.dSYM; path = ../Carthage/Build/Mac/CocoaLumberjackSwift.framework.dSYM; sourceTree = "<group>"; };
		D9C6342B1C988FF200AB3F75 /* SocketManager.swift */ = {isa = PBXFileReference; fileEncoding = 4; lastKnownFileType = sourcecode.swift; path = SocketManager.swift; sourceTree = "<group>"; };
		D9C634331C98A00A00AB3F75 /* Packet.swift */ = {isa = PBXFileReference; fileEncoding = 4; lastKnownFileType = sourcecode.swift; name = Packet.swift; path = ../Packet.swift; sourceTree = "<group>"; };
/* End PBXFileReference section */

/* Begin PBXFrameworksBuildPhase section */
		1F545D2B1C97E27100436812 /* Frameworks */ = {
			isa = PBXFrameworksBuildPhase;
			buildActionMask = 2147483647;
			files = (
				A9B46D051C9CAD1C00E1D1DD /* CocoaLumberjackSwift.framework in Frameworks */,
				A9B46D281C9D107B00E1D1DD /* CocoaLumberjack.framework in Frameworks */,
				A9B46D031C9CAD1C00E1D1DD /* CocoaAsyncSocket.framework in Frameworks */,
			);
			runOnlyForDeploymentPostprocessing = 0;
		};
		A9B46D081C9CAE7200E1D1DD /* Frameworks */ = {
			isa = PBXFrameworksBuildPhase;
			buildActionMask = 2147483647;
			files = (
			);
			runOnlyForDeploymentPostprocessing = 0;
		};
/* End PBXFrameworksBuildPhase section */

/* Begin PBXGroup section */
		1F545D251C97E27100436812 = {
			isa = PBXGroup;
			children = (
				D9C634331C98A00A00AB3F75 /* Packet.swift */,
				1F545D301C97E27100436812 /* Master */,
				A9B46D0C1C9CAE7200E1D1DD /* MasterTests */,
				1F545D2F1C97E27100436812 /* Products */,
			);
			sourceTree = "<group>";
		};
		1F545D2F1C97E27100436812 /* Products */ = {
			isa = PBXGroup;
			children = (
				1F545D2E1C97E27100436812 /* Master.app */,
				A9B46D0B1C9CAE7200E1D1DD /* MasterTests.xctest */,
			);
			name = Products;
			sourceTree = "<group>";
		};
		1F545D301C97E27100436812 /* Master */ = {
			isa = PBXGroup;
			children = (
				1F545D311C97E27100436812 /* AppDelegate.swift */,
				A9B46D181C9D02D400E1D1DD /* Peripheral.swift */,
				D9C6342B1C988FF200AB3F75 /* SocketManager.swift */,
				1F545D331C97E27100436812 /* ViewController.swift */,
				1F545D351C97E27100436812 /* Assets.xcassets */,
				1F545D371C97E27100436812 /* Main.storyboard */,
				1F545D3A1C97E27100436812 /* Info.plist */,
				1F545E2F1C97EC3000436812 /* Frameworks */,
			);
			path = Master;
			sourceTree = "<group>";
		};
		1F545E2F1C97EC3000436812 /* Frameworks */ = {
			isa = PBXGroup;
			children = (
				A9B46D2B1C9D12A300E1D1DD /* CocoaAsyncSocket.framework.dSYM */,
				A9B46D2C1C9D12A300E1D1DD /* CocoaLumberjack.framework.dSYM */,
				A9B46D2D1C9D12A300E1D1DD /* CocoaLumberjackSwift.framework.dSYM */,
				A9B46D241C9D0FFB00E1D1DD /* CocoaLumberjack.framework */,
				A9B46CF91C9CACE400E1D1DD /* CocoaAsyncSocket.framework */,
				A9B46CFA1C9CACE400E1D1DD /* CocoaLumberjackSwift.framework */,
			);
			name = Frameworks;
			path = ..;
			sourceTree = "<group>";
		};
		A9B46D0C1C9CAE7200E1D1DD /* MasterTests */ = {
			isa = PBXGroup;
			children = (
				A9B46D151C9CAE9800E1D1DD /* PacketTest.swift */,
				A9B46D0D1C9CAE7200E1D1DD /* MasterTests.swift */,
				A9B46D0F1C9CAE7200E1D1DD /* Info.plist */,
			);
			path = MasterTests;
			sourceTree = "<group>";
		};
/* End PBXGroup section */

/* Begin PBXNativeTarget section */
		1F545D2D1C97E27100436812 /* Master */ = {
			isa = PBXNativeTarget;
			buildConfigurationList = 1F545D3D1C97E27100436812 /* Build configuration list for PBXNativeTarget "Master" */;
			buildPhases = (
				1F545D2A1C97E27100436812 /* Sources */,
				1F545D2B1C97E27100436812 /* Frameworks */,
				1F545D2C1C97E27100436812 /* Resources */,
				1F4227FA1C97FE8500B731FE /* Embed Frameworks */,
				A9B46D2A1C9D127D00E1D1DD /* CopyFiles */,
			);
			buildRules = (
			);
			dependencies = (
			);
			name = Master;
			productName = Master;
			productReference = 1F545D2E1C97E27100436812 /* Master.app */;
			productType = "com.apple.product-type.application";
		};
		A9B46D0A1C9CAE7200E1D1DD /* MasterTests */ = {
			isa = PBXNativeTarget;
			buildConfigurationList = A9B46D121C9CAE7200E1D1DD /* Build configuration list for PBXNativeTarget "MasterTests" */;
			buildPhases = (
				A9B46D071C9CAE7200E1D1DD /* Sources */,
				A9B46D081C9CAE7200E1D1DD /* Frameworks */,
				A9B46D091C9CAE7200E1D1DD /* Resources */,
			);
			buildRules = (
			);
			dependencies = (
				A9B46D111C9CAE7200E1D1DD /* PBXTargetDependency */,
			);
			name = MasterTests;
			productName = MasterTests;
			productReference = A9B46D0B1C9CAE7200E1D1DD /* MasterTests.xctest */;
			productType = "com.apple.product-type.bundle.unit-test";
		};
/* End PBXNativeTarget section */

/* Begin PBXProject section */
		1F545D261C97E27100436812 /* Project object */ = {
			isa = PBXProject;
			attributes = {
				LastSwiftUpdateCheck = 0720;
				LastUpgradeCheck = 0720;
				ORGANIZATIONNAME = C4;
				TargetAttributes = {
					1F545D2D1C97E27100436812 = {
						CreatedOnToolsVersion = 7.2.1;
					};
					A9B46D0A1C9CAE7200E1D1DD = {
						CreatedOnToolsVersion = 7.2.1;
						TestTargetID = 1F545D2D1C97E27100436812;
					};
				};
			};
			buildConfigurationList = 1F545D291C97E27100436812 /* Build configuration list for PBXProject "Master" */;
			compatibilityVersion = "Xcode 3.2";
			developmentRegion = English;
			hasScannedForEncodings = 0;
			knownRegions = (
				en,
				Base,
			);
			mainGroup = 1F545D251C97E27100436812;
			productRefGroup = 1F545D2F1C97E27100436812 /* Products */;
			projectDirPath = "";
			projectRoot = "";
			targets = (
				1F545D2D1C97E27100436812 /* Master */,
				A9B46D0A1C9CAE7200E1D1DD /* MasterTests */,
			);
		};
/* End PBXProject section */

/* Begin PBXResourcesBuildPhase section */
		1F545D2C1C97E27100436812 /* Resources */ = {
			isa = PBXResourcesBuildPhase;
			buildActionMask = 2147483647;
			files = (
				1F545D361C97E27100436812 /* Assets.xcassets in Resources */,
				1F545D391C97E27100436812 /* Main.storyboard in Resources */,
			);
			runOnlyForDeploymentPostprocessing = 0;
		};
		A9B46D091C9CAE7200E1D1DD /* Resources */ = {
			isa = PBXResourcesBuildPhase;
			buildActionMask = 2147483647;
			files = (
			);
			runOnlyForDeploymentPostprocessing = 0;
		};
/* End PBXResourcesBuildPhase section */

/* Begin PBXSourcesBuildPhase section */
		1F545D2A1C97E27100436812 /* Sources */ = {
			isa = PBXSourcesBuildPhase;
			buildActionMask = 2147483647;
			files = (
				A9B46D191C9D02D400E1D1DD /* Peripheral.swift in Sources */,
				1F545D341C97E27100436812 /* ViewController.swift in Sources */,
				D9C6342C1C988FF200AB3F75 /* SocketManager.swift in Sources */,
				1F545D321C97E27100436812 /* AppDelegate.swift in Sources */,
				D9C634341C98A00A00AB3F75 /* Packet.swift in Sources */,
			);
			runOnlyForDeploymentPostprocessing = 0;
		};
		A9B46D071C9CAE7200E1D1DD /* Sources */ = {
			isa = PBXSourcesBuildPhase;
			buildActionMask = 2147483647;
			files = (
				A9B46D171C9CAEDF00E1D1DD /* Packet.swift in Sources */,
				A9B46D0E1C9CAE7200E1D1DD /* MasterTests.swift in Sources */,
				A9B46D161C9CAE9800E1D1DD /* PacketTest.swift in Sources */,
			);
			runOnlyForDeploymentPostprocessing = 0;
		};
/* End PBXSourcesBuildPhase section */

/* Begin PBXTargetDependency section */
		A9B46D111C9CAE7200E1D1DD /* PBXTargetDependency */ = {
			isa = PBXTargetDependency;
			target = 1F545D2D1C97E27100436812 /* Master */;
			targetProxy = A9B46D101C9CAE7200E1D1DD /* PBXContainerItemProxy */;
		};
/* End PBXTargetDependency section */

/* Begin PBXVariantGroup section */
		1F545D371C97E27100436812 /* Main.storyboard */ = {
			isa = PBXVariantGroup;
			children = (
				1F545D381C97E27100436812 /* Base */,
			);
			name = Main.storyboard;
			sourceTree = "<group>";
		};
/* End PBXVariantGroup section */

/* Begin XCBuildConfiguration section */
		1F545D3B1C97E27100436812 /* Debug */ = {
			isa = XCBuildConfiguration;
			buildSettings = {
				ALWAYS_SEARCH_USER_PATHS = NO;
				CLANG_CXX_LANGUAGE_STANDARD = "gnu++0x";
				CLANG_CXX_LIBRARY = "libc++";
				CLANG_ENABLE_MODULES = YES;
				CLANG_ENABLE_OBJC_ARC = YES;
				CLANG_WARN_BOOL_CONVERSION = YES;
				CLANG_WARN_CONSTANT_CONVERSION = YES;
				CLANG_WARN_DIRECT_OBJC_ISA_USAGE = YES_ERROR;
				CLANG_WARN_EMPTY_BODY = YES;
				CLANG_WARN_ENUM_CONVERSION = YES;
				CLANG_WARN_INT_CONVERSION = YES;
				CLANG_WARN_OBJC_ROOT_CLASS = YES_ERROR;
				CLANG_WARN_UNREACHABLE_CODE = YES;
				CLANG_WARN__DUPLICATE_METHOD_MATCH = YES;
				CODE_SIGN_IDENTITY = "-";
				COPY_PHASE_STRIP = NO;
				DEBUG_INFORMATION_FORMAT = dwarf;
				ENABLE_STRICT_OBJC_MSGSEND = YES;
				ENABLE_TESTABILITY = YES;
				GCC_C_LANGUAGE_STANDARD = gnu99;
				GCC_DYNAMIC_NO_PIC = NO;
				GCC_NO_COMMON_BLOCKS = YES;
				GCC_OPTIMIZATION_LEVEL = 0;
				GCC_PREPROCESSOR_DEFINITIONS = (
					"DEBUG=1",
					"$(inherited)",
				);
				GCC_WARN_64_TO_32_BIT_CONVERSION = YES;
				GCC_WARN_ABOUT_RETURN_TYPE = YES_ERROR;
				GCC_WARN_UNDECLARED_SELECTOR = YES;
				GCC_WARN_UNINITIALIZED_AUTOS = YES_AGGRESSIVE;
				GCC_WARN_UNUSED_FUNCTION = YES;
				GCC_WARN_UNUSED_VARIABLE = YES;
				MACOSX_DEPLOYMENT_TARGET = 10.11;
				MTL_ENABLE_DEBUG_INFO = YES;
				ONLY_ACTIVE_ARCH = YES;
				SDKROOT = macosx;
				SWIFT_OPTIMIZATION_LEVEL = "-Onone";
			};
			name = Debug;
		};
		1F545D3C1C97E27100436812 /* Release */ = {
			isa = XCBuildConfiguration;
			buildSettings = {
				ALWAYS_SEARCH_USER_PATHS = NO;
				CLANG_CXX_LANGUAGE_STANDARD = "gnu++0x";
				CLANG_CXX_LIBRARY = "libc++";
				CLANG_ENABLE_MODULES = YES;
				CLANG_ENABLE_OBJC_ARC = YES;
				CLANG_WARN_BOOL_CONVERSION = YES;
				CLANG_WARN_CONSTANT_CONVERSION = YES;
				CLANG_WARN_DIRECT_OBJC_ISA_USAGE = YES_ERROR;
				CLANG_WARN_EMPTY_BODY = YES;
				CLANG_WARN_ENUM_CONVERSION = YES;
				CLANG_WARN_INT_CONVERSION = YES;
				CLANG_WARN_OBJC_ROOT_CLASS = YES_ERROR;
				CLANG_WARN_UNREACHABLE_CODE = YES;
				CLANG_WARN__DUPLICATE_METHOD_MATCH = YES;
				CODE_SIGN_IDENTITY = "-";
				COPY_PHASE_STRIP = NO;
				DEBUG_INFORMATION_FORMAT = "dwarf-with-dsym";
				ENABLE_NS_ASSERTIONS = NO;
				ENABLE_STRICT_OBJC_MSGSEND = YES;
				GCC_C_LANGUAGE_STANDARD = gnu99;
				GCC_NO_COMMON_BLOCKS = YES;
				GCC_WARN_64_TO_32_BIT_CONVERSION = YES;
				GCC_WARN_ABOUT_RETURN_TYPE = YES_ERROR;
				GCC_WARN_UNDECLARED_SELECTOR = YES;
				GCC_WARN_UNINITIALIZED_AUTOS = YES_AGGRESSIVE;
				GCC_WARN_UNUSED_FUNCTION = YES;
				GCC_WARN_UNUSED_VARIABLE = YES;
				MACOSX_DEPLOYMENT_TARGET = 10.11;
				MTL_ENABLE_DEBUG_INFO = NO;
				SDKROOT = macosx;
			};
			name = Release;
		};
		1F545D3E1C97E27100436812 /* Debug */ = {
			isa = XCBuildConfiguration;
			buildSettings = {
				ASSETCATALOG_COMPILER_APPICON_NAME = AppIcon;
				CODE_SIGN_IDENTITY = "";
				COMBINE_HIDPI_IMAGES = YES;
				FRAMEWORK_SEARCH_PATHS = "$(PROJECT_DIR)/../Carthage/Build/Mac";
				INFOPLIST_FILE = Master/Info.plist;
				LD_RUNPATH_SEARCH_PATHS = "$(inherited) @executable_path/../Frameworks";
				PRODUCT_BUNDLE_IDENTIFIER = C4.Master;
				PRODUCT_NAME = "$(TARGET_NAME)";
			};
			name = Debug;
		};
		1F545D3F1C97E27100436812 /* Release */ = {
			isa = XCBuildConfiguration;
			buildSettings = {
				ASSETCATALOG_COMPILER_APPICON_NAME = AppIcon;
				CODE_SIGN_IDENTITY = "";
				COMBINE_HIDPI_IMAGES = YES;
				FRAMEWORK_SEARCH_PATHS = "$(PROJECT_DIR)/../Carthage/Build/Mac";
				INFOPLIST_FILE = Master/Info.plist;
				LD_RUNPATH_SEARCH_PATHS = "$(inherited) @executable_path/../Frameworks";
				PRODUCT_BUNDLE_IDENTIFIER = C4.Master;
				PRODUCT_NAME = "$(TARGET_NAME)";
			};
			name = Release;
		};
		A9B46D131C9CAE7200E1D1DD /* Debug */ = {
			isa = XCBuildConfiguration;
			buildSettings = {
				BUNDLE_LOADER = "$(TEST_HOST)";
				COMBINE_HIDPI_IMAGES = YES;
				FRAMEWORK_SEARCH_PATHS = "$(PROJECT_DIR)/../Carthage/Build/Mac";
				INFOPLIST_FILE = MasterTests/Info.plist;
				LD_RUNPATH_SEARCH_PATHS = "$(inherited) @executable_path/../Frameworks @loader_path/../Frameworks";
				PRODUCT_BUNDLE_IDENTIFIER = com.c4ios.MasterTests;
				PRODUCT_NAME = "$(TARGET_NAME)";
				TEST_HOST = "$(BUILT_PRODUCTS_DIR)/Master.app/Contents/MacOS/Master";
			};
			name = Debug;
		};
		A9B46D141C9CAE7200E1D1DD /* Release */ = {
			isa = XCBuildConfiguration;
			buildSettings = {
				BUNDLE_LOADER = "$(TEST_HOST)";
				COMBINE_HIDPI_IMAGES = YES;
				FRAMEWORK_SEARCH_PATHS = "$(PROJECT_DIR)/../Carthage/Build/Mac";
				INFOPLIST_FILE = MasterTests/Info.plist;
				LD_RUNPATH_SEARCH_PATHS = "$(inherited) @executable_path/../Frameworks @loader_path/../Frameworks";
				PRODUCT_BUNDLE_IDENTIFIER = com.c4ios.MasterTests;
				PRODUCT_NAME = "$(TARGET_NAME)";
				TEST_HOST = "$(BUILT_PRODUCTS_DIR)/Master.app/Contents/MacOS/Master";
			};
			name = Release;
		};
/* End XCBuildConfiguration section */

/* Begin XCConfigurationList section */
		1F545D291C97E27100436812 /* Build configuration list for PBXProject "Master" */ = {
			isa = XCConfigurationList;
			buildConfigurations = (
				1F545D3B1C97E27100436812 /* Debug */,
				1F545D3C1C97E27100436812 /* Release */,
			);
			defaultConfigurationIsVisible = 0;
			defaultConfigurationName = Release;
		};
		1F545D3D1C97E27100436812 /* Build configuration list for PBXNativeTarget "Master" */ = {
			isa = XCConfigurationList;
			buildConfigurations = (
				1F545D3E1C97E27100436812 /* Debug */,
				1F545D3F1C97E27100436812 /* Release */,
			);
			defaultConfigurationIsVisible = 0;
			defaultConfigurationName = Release;
		};
		A9B46D121C9CAE7200E1D1DD /* Build configuration list for PBXNativeTarget "MasterTests" */ = {
			isa = XCConfigurationList;
			buildConfigurations = (
				A9B46D131C9CAE7200E1D1DD /* Debug */,
				A9B46D141C9CAE7200E1D1DD /* Release */,
			);
			defaultConfigurationIsVisible = 0;
			defaultConfigurationName = Release;
		};
/* End XCConfigurationList section */
	};
	rootObject = 1F545D261C97E27100436812 /* Project object */;
}
